// !$*UTF8*$!
{
	archiveVersion = 1;
	classes = {
	};
	objectVersion = 48;
	objects = {

/* Begin PBXBuildFile section */
		0838C75C2065FE8800FDE1A7 /* AppDelegate.m in Sources */ = {isa = PBXBuildFile; fileRef = 0838C75B2065FE8800FDE1A7 /* AppDelegate.m */; };
		0838C75F2065FE8800FDE1A7 /* ViewController.m in Sources */ = {isa = PBXBuildFile; fileRef = 0838C75E2065FE8800FDE1A7 /* ViewController.m */; };
		0838C7622065FE8800FDE1A7 /* Main.storyboard in Resources */ = {isa = PBXBuildFile; fileRef = 0838C7602065FE8800FDE1A7 /* Main.storyboard */; };
		0838C7642065FE8800FDE1A7 /* Assets.xcassets in Resources */ = {isa = PBXBuildFile; fileRef = 0838C7632065FE8800FDE1A7 /* Assets.xcassets */; };
		0838C7672065FE8800FDE1A7 /* LaunchScreen.storyboard in Resources */ = {isa = PBXBuildFile; fileRef = 0838C7652065FE8800FDE1A7 /* LaunchScreen.storyboard */; };
		0838C76A2065FE8800FDE1A7 /* main.m in Sources */ = {isa = PBXBuildFile; fileRef = 0838C7692065FE8800FDE1A7 /* main.m */; };
		0838C7742065FE8800FDE1A7 /* PUSHTESTTests.m in Sources */ = {isa = PBXBuildFile; fileRef = 0838C7732065FE8800FDE1A7 /* PUSHTESTTests.m */; };
		0838C77F2065FE8800FDE1A7 /* PUSHTESTUITests.m in Sources */ = {isa = PBXBuildFile; fileRef = 0838C77E2065FE8800FDE1A7 /* PUSHTESTUITests.m */; };
		0838C78E2065FE9700FDE1A7 /* OneViewController.m in Sources */ = {isa = PBXBuildFile; fileRef = 0838C78D2065FE9700FDE1A7 /* OneViewController.m */; };
		0838C7912065FE9D00FDE1A7 /* TwoViewController.m in Sources */ = {isa = PBXBuildFile; fileRef = 0838C7902065FE9D00FDE1A7 /* TwoViewController.m */; };
		0838C7942066033E00FDE1A7 /* UINavigationController+shouldPopExtension.m in Sources */ = {isa = PBXBuildFile; fileRef = 0838C7932066033E00FDE1A7 /* UINavigationController+shouldPopExtension.m */; };
/* End PBXBuildFile section */

/* Begin PBXContainerItemProxy section */
		0838C7702065FE8800FDE1A7 /* PBXContainerItemProxy */ = {
			isa = PBXContainerItemProxy;
			containerPortal = 0838C74F2065FE8800FDE1A7 /* Project object */;
			proxyType = 1;
			remoteGlobalIDString = 0838C7562065FE8800FDE1A7;
			remoteInfo = PUSHTEST;
		};
		0838C77B2065FE8800FDE1A7 /* PBXContainerItemProxy */ = {
			isa = PBXContainerItemProxy;
			containerPortal = 0838C74F2065FE8800FDE1A7 /* Project object */;
			proxyType = 1;
			remoteGlobalIDString = 0838C7562065FE8800FDE1A7;
			remoteInfo = PUSHTEST;
		};
/* End PBXContainerItemProxy section */

/* Begin PBXFileReference section */
		0838C7572065FE8800FDE1A7 /* PUSHTEST.app */ = {isa = PBXFileReference; explicitFileType = wrapper.application; includeInIndex = 0; path = PUSHTEST.app; sourceTree = BUILT_PRODUCTS_DIR; };
		0838C75A2065FE8800FDE1A7 /* AppDelegate.h */ = {isa = PBXFileReference; lastKnownFileType = sourcecode.c.h; path = AppDelegate.h; sourceTree = "<group>"; };
		0838C75B2065FE8800FDE1A7 /* AppDelegate.m */ = {isa = PBXFileReference; lastKnownFileType = sourcecode.c.objc; path = AppDelegate.m; sourceTree = "<group>"; };
		0838C75D2065FE8800FDE1A7 /* ViewController.h */ = {isa = PBXFileReference; lastKnownFileType = sourcecode.c.h; path = ViewController.h; sourceTree = "<group>"; };
		0838C75E2065FE8800FDE1A7 /* ViewController.m */ = {isa = PBXFileReference; lastKnownFileType = sourcecode.c.objc; path = ViewController.m; sourceTree = "<group>"; };
		0838C7612065FE8800FDE1A7 /* Base */ = {isa = PBXFileReference; lastKnownFileType = file.storyboard; name = Base; path = Base.lproj/Main.storyboard; sourceTree = "<group>"; };
		0838C7632065FE8800FDE1A7 /* Assets.xcassets */ = {isa = PBXFileReference; lastKnownFileType = folder.assetcatalog; path = Assets.xcassets; sourceTree = "<group>"; };
		0838C7662065FE8800FDE1A7 /* Base */ = {isa = PBXFileReference; lastKnownFileType = file.storyboard; name = Base; path = Base.lproj/LaunchScreen.storyboard; sourceTree = "<group>"; };
		0838C7682065FE8800FDE1A7 /* Info.plist */ = {isa = PBXFileReference; lastKnownFileType = text.plist.xml; path = Info.plist; sourceTree = "<group>"; };
		0838C7692065FE8800FDE1A7 /* main.m */ = {isa = PBXFileReference; lastKnownFileType = sourcecode.c.objc; path = main.m; sourceTree = "<group>"; };
		0838C76F2065FE8800FDE1A7 /* PUSHTESTTests.xctest */ = {isa = PBXFileReference; explicitFileType = wrapper.cfbundle; includeInIndex = 0; path = PUSHTESTTests.xctest; sourceTree = BUILT_PRODUCTS_DIR; };
		0838C7732065FE8800FDE1A7 /* PUSHTESTTests.m */ = {isa = PBXFileReference; lastKnownFileType = sourcecode.c.objc; path = PUSHTESTTests.m; sourceTree = "<group>"; };
		0838C7752065FE8800FDE1A7 /* Info.plist */ = {isa = PBXFileReference; lastKnownFileType = text.plist.xml; path = Info.plist; sourceTree = "<group>"; };
		0838C77A2065FE8800FDE1A7 /* PUSHTESTUITests.xctest */ = {isa = PBXFileReference; explicitFileType = wrapper.cfbundle; includeInIndex = 0; path = PUSHTESTUITests.xctest; sourceTree = BUILT_PRODUCTS_DIR; };
		0838C77E2065FE8800FDE1A7 /* PUSHTESTUITests.m */ = {isa = PBXFileReference; lastKnownFileType = sourcecode.c.objc; path = PUSHTESTUITests.m; sourceTree = "<group>"; };
		0838C7802065FE8800FDE1A7 /* Info.plist */ = {isa = PBXFileReference; lastKnownFileType = text.plist.xml; path = Info.plist; sourceTree = "<group>"; };
		0838C78C2065FE9700FDE1A7 /* OneViewController.h */ = {isa = PBXFileReference; lastKnownFileType = sourcecode.c.h; path = OneViewController.h; sourceTree = "<group>"; };
		0838C78D2065FE9700FDE1A7 /* OneViewController.m */ = {isa = PBXFileReference; lastKnownFileType = sourcecode.c.objc; path = OneViewController.m; sourceTree = "<group>"; };
		0838C78F2065FE9D00FDE1A7 /* TwoViewController.h */ = {isa = PBXFileReference; lastKnownFileType = sourcecode.c.h; path = TwoViewController.h; sourceTree = "<group>"; };
		0838C7902065FE9D00FDE1A7 /* TwoViewController.m */ = {isa = PBXFileReference; lastKnownFileType = sourcecode.c.objc; path = TwoViewController.m; sourceTree = "<group>"; };
		0838C7922066033E00FDE1A7 /* UINavigationController+shouldPopExtension.h */ = {isa = PBXFileReference; lastKnownFileType = sourcecode.c.h; path = "UINavigationController+shouldPopExtension.h"; sourceTree = "<group>"; };
		0838C7932066033E00FDE1A7 /* UINavigationController+shouldPopExtension.m */ = {isa = PBXFileReference; lastKnownFileType = sourcecode.c.objc; path = "UINavigationController+shouldPopExtension.m"; sourceTree = "<group>"; };
/* End PBXFileReference section */

/* Begin PBXFrameworksBuildPhase section */
		0838C7542065FE8800FDE1A7 /* Frameworks */ = {
			isa = PBXFrameworksBuildPhase;
			buildActionMask = 2147483647;
			files = (
			);
			runOnlyForDeploymentPostprocessing = 0;
		};
		0838C76C2065FE8800FDE1A7 /* Frameworks */ = {
			isa = PBXFrameworksBuildPhase;
			buildActionMask = 2147483647;
			files = (
			);
			runOnlyForDeploymentPostprocessing = 0;
		};
		0838C7772065FE8800FDE1A7 /* Frameworks */ = {
			isa = PBXFrameworksBuildPhase;
			buildActionMask = 2147483647;
			files = (
			);
			runOnlyForDeploymentPostprocessing = 0;
		};
/* End PBXFrameworksBuildPhase section */

/* Begin PBXGroup section */
		0838C74E2065FE8800FDE1A7 = {
			isa = PBXGroup;
			children = (
				0838C7592065FE8800FDE1A7 /* PUSHTEST */,
				0838C7722065FE8800FDE1A7 /* PUSHTESTTests */,
				0838C77D2065FE8800FDE1A7 /* PUSHTESTUITests */,
				0838C7582065FE8800FDE1A7 /* Products */,
			);
			sourceTree = "<group>";
		};
		0838C7582065FE8800FDE1A7 /* Products */ = {
			isa = PBXGroup;
			children = (
				0838C7572065FE8800FDE1A7 /* PUSHTEST.app */,
				0838C76F2065FE8800FDE1A7 /* PUSHTESTTests.xctest */,
				0838C77A2065FE8800FDE1A7 /* PUSHTESTUITests.xctest */,
			);
			name = Products;
			sourceTree = "<group>";
		};
		0838C7592065FE8800FDE1A7 /* PUSHTEST */ = {
			isa = PBXGroup;
			children = (
				0838C75A2065FE8800FDE1A7 /* AppDelegate.h */,
				0838C75B2065FE8800FDE1A7 /* AppDelegate.m */,
				0838C75D2065FE8800FDE1A7 /* ViewController.h */,
				0838C75E2065FE8800FDE1A7 /* ViewController.m */,
				0838C78C2065FE9700FDE1A7 /* OneViewController.h */,
				0838C78D2065FE9700FDE1A7 /* OneViewController.m */,
				0838C78F2065FE9D00FDE1A7 /* TwoViewController.h */,
				0838C7902065FE9D00FDE1A7 /* TwoViewController.m */,
				0838C7922066033E00FDE1A7 /* UINavigationController+shouldPopExtension.h */,
				0838C7932066033E00FDE1A7 /* UINavigationController+shouldPopExtension.m */,
				0838C7602065FE8800FDE1A7 /* Main.storyboard */,
				0838C7632065FE8800FDE1A7 /* Assets.xcassets */,
				0838C7652065FE8800FDE1A7 /* LaunchScreen.storyboard */,
				0838C7682065FE8800FDE1A7 /* Info.plist */,
				0838C7692065FE8800FDE1A7 /* main.m */,
			);
			path = PUSHTEST;
			sourceTree = "<group>";
		};
		0838C7722065FE8800FDE1A7 /* PUSHTESTTests */ = {
			isa = PBXGroup;
			children = (
				0838C7732065FE8800FDE1A7 /* PUSHTESTTests.m */,
				0838C7752065FE8800FDE1A7 /* Info.plist */,
			);
			path = PUSHTESTTests;
			sourceTree = "<group>";
		};
		0838C77D2065FE8800FDE1A7 /* PUSHTESTUITests */ = {
			isa = PBXGroup;
			children = (
				0838C77E2065FE8800FDE1A7 /* PUSHTESTUITests.m */,
				0838C7802065FE8800FDE1A7 /* Info.plist */,
			);
			path = PUSHTESTUITests;
			sourceTree = "<group>";
		};
/* End PBXGroup section */

/* Begin PBXNativeTarget section */
		0838C7562065FE8800FDE1A7 /* PUSHTEST */ = {
			isa = PBXNativeTarget;
			buildConfigurationList = 0838C7832065FE8800FDE1A7 /* Build configuration list for PBXNativeTarget "PUSHTEST" */;
			buildPhases = (
				0838C7532065FE8800FDE1A7 /* Sources */,
				0838C7542065FE8800FDE1A7 /* Frameworks */,
				0838C7552065FE8800FDE1A7 /* Resources */,
			);
			buildRules = (
			);
			dependencies = (
			);
			name = PUSHTEST;
			productName = PUSHTEST;
			productReference = 0838C7572065FE8800FDE1A7 /* PUSHTEST.app */;
			productType = "com.apple.product-type.application";
		};
		0838C76E2065FE8800FDE1A7 /* PUSHTESTTests */ = {
			isa = PBXNativeTarget;
			buildConfigurationList = 0838C7862065FE8800FDE1A7 /* Build configuration list for PBXNativeTarget "PUSHTESTTests" */;
			buildPhases = (
				0838C76B2065FE8800FDE1A7 /* Sources */,
				0838C76C2065FE8800FDE1A7 /* Frameworks */,
				0838C76D2065FE8800FDE1A7 /* Resources */,
			);
			buildRules = (
			);
			dependencies = (
				0838C7712065FE8800FDE1A7 /* PBXTargetDependency */,
			);
			name = PUSHTESTTests;
			productName = PUSHTESTTests;
			productReference = 0838C76F2065FE8800FDE1A7 /* PUSHTESTTests.xctest */;
			productType = "com.apple.product-type.bundle.unit-test";
		};
		0838C7792065FE8800FDE1A7 /* PUSHTESTUITests */ = {
			isa = PBXNativeTarget;
			buildConfigurationList = 0838C7892065FE8800FDE1A7 /* Build configuration list for PBXNativeTarget "PUSHTESTUITests" */;
			buildPhases = (
				0838C7762065FE8800FDE1A7 /* Sources */,
				0838C7772065FE8800FDE1A7 /* Frameworks */,
				0838C7782065FE8800FDE1A7 /* Resources */,
			);
			buildRules = (
			);
			dependencies = (
				0838C77C2065FE8800FDE1A7 /* PBXTargetDependency */,
			);
			name = PUSHTESTUITests;
			productName = PUSHTESTUITests;
			productReference = 0838C77A2065FE8800FDE1A7 /* PUSHTESTUITests.xctest */;
			productType = "com.apple.product-type.bundle.ui-testing";
		};
/* End PBXNativeTarget section */

/* Begin PBXProject section */
		0838C74F2065FE8800FDE1A7 /* Project object */ = {
			isa = PBXProject;
			attributes = {
				LastUpgradeCheck = 0900;
				ORGANIZATIONNAME = hzl;
				TargetAttributes = {
					0838C7562065FE8800FDE1A7 = {
						CreatedOnToolsVersion = 9.0;
						ProvisioningStyle = Automatic;
					};
					0838C76E2065FE8800FDE1A7 = {
						CreatedOnToolsVersion = 9.0;
						ProvisioningStyle = Automatic;
						TestTargetID = 0838C7562065FE8800FDE1A7;
					};
					0838C7792065FE8800FDE1A7 = {
						CreatedOnToolsVersion = 9.0;
						ProvisioningStyle = Automatic;
						TestTargetID = 0838C7562065FE8800FDE1A7;
					};
				};
			};
			buildConfigurationList = 0838C7522065FE8800FDE1A7 /* Build configuration list for PBXProject "PUSHTEST" */;
			compatibilityVersion = "Xcode 8.0";
			developmentRegion = en;
			hasScannedForEncodings = 0;
			knownRegions = (
				en,
				Base,
			);
			mainGroup = 0838C74E2065FE8800FDE1A7;
			productRefGroup = 0838C7582065FE8800FDE1A7 /* Products */;
			projectDirPath = "";
			projectRoot = "";
			targets = (
				0838C7562065FE8800FDE1A7 /* PUSHTEST */,
				0838C76E2065FE8800FDE1A7 /* PUSHTESTTests */,
				0838C7792065FE8800FDE1A7 /* PUSHTESTUITests */,
			);
		};
/* End PBXProject section */

/* Begin PBXResourcesBuildPhase section */
		0838C7552065FE8800FDE1A7 /* Resources */ = {
			isa = PBXResourcesBuildPhase;
			buildActionMask = 2147483647;
			files = (
				0838C7672065FE8800FDE1A7 /* LaunchScreen.storyboard in Resources */,
				0838C7642065FE8800FDE1A7 /* Assets.xcassets in Resources */,
				0838C7622065FE8800FDE1A7 /* Main.storyboard in Resources */,
			);
			runOnlyForDeploymentPostprocessing = 0;
		};
		0838C76D2065FE8800FDE1A7 /* Resources */ = {
			isa = PBXResourcesBuildPhase;
			buildActionMask = 2147483647;
			files = (
			);
			runOnlyForDeploymentPostprocessing = 0;
		};
		0838C7782065FE8800FDE1A7 /* Resources */ = {
			isa = PBXResourcesBuildPhase;
			buildActionMask = 2147483647;
			files = (
			);
			runOnlyForDeploymentPostprocessing = 0;
		};
/* End PBXResourcesBuildPhase section */

/* Begin PBXSourcesBuildPhase section */
		0838C7532065FE8800FDE1A7 /* Sources */ = {
			isa = PBXSourcesBuildPhase;
			buildActionMask = 2147483647;
			files = (
				0838C75F2065FE8800FDE1A7 /* ViewController.m in Sources */,
				0838C76A2065FE8800FDE1A7 /* main.m in Sources */,
				0838C7942066033E00FDE1A7 /* UINavigationController+shouldPopExtension.m in Sources */,
				0838C75C2065FE8800FDE1A7 /* AppDelegate.m in Sources */,
				0838C7912065FE9D00FDE1A7 /* TwoViewController.m in Sources */,
				0838C78E2065FE9700FDE1A7 /* OneViewController.m in Sources */,
			);
			runOnlyForDeploymentPostprocessing = 0;
		};
		0838C76B2065FE8800FDE1A7 /* Sources */ = {
			isa = PBXSourcesBuildPhase;
			buildActionMask = 2147483647;
			files = (
				0838C7742065FE8800FDE1A7 /* PUSHTESTTests.m in Sources */,
			);
			runOnlyForDeploymentPostprocessing = 0;
		};
		0838C7762065FE8800FDE1A7 /* Sources */ = {
			isa = PBXSourcesBuildPhase;
			buildActionMask = 2147483647;
			files = (
				0838C77F2065FE8800FDE1A7 /* PUSHTESTUITests.m in Sources */,
			);
			runOnlyForDeploymentPostprocessing = 0;
		};
/* End PBXSourcesBuildPhase section */

/* Begin PBXTargetDependency section */
		0838C7712065FE8800FDE1A7 /* PBXTargetDependency */ = {
			isa = PBXTargetDependency;
			target = 0838C7562065FE8800FDE1A7 /* PUSHTEST */;
			targetProxy = 0838C7702065FE8800FDE1A7 /* PBXContainerItemProxy */;
		};
		0838C77C2065FE8800FDE1A7 /* PBXTargetDependency */ = {
			isa = PBXTargetDependency;
			target = 0838C7562065FE8800FDE1A7 /* PUSHTEST */;
			targetProxy = 0838C77B2065FE8800FDE1A7 /* PBXContainerItemProxy */;
		};
/* End PBXTargetDependency section */

/* Begin PBXVariantGroup section */
		0838C7602065FE8800FDE1A7 /* Main.storyboard */ = {
			isa = PBXVariantGroup;
			children = (
				0838C7612065FE8800FDE1A7 /* Base */,
			);
			name = Main.storyboard;
			sourceTree = "<group>";
		};
		0838C7652065FE8800FDE1A7 /* LaunchScreen.storyboard */ = {
			isa = PBXVariantGroup;
			children = (
				0838C7662065FE8800FDE1A7 /* Base */,
			);
			name = LaunchScreen.storyboard;
			sourceTree = "<group>";
		};
/* End PBXVariantGroup section */

/* Begin XCBuildConfiguration section */
		0838C7812065FE8800FDE1A7 /* Debug */ = {
			isa = XCBuildConfiguration;
			buildSettings = {
				ALWAYS_SEARCH_USER_PATHS = NO;
				CLANG_ANALYZER_NONNULL = YES;
				CLANG_ANALYZER_NUMBER_OBJECT_CONVERSION = YES_AGGRESSIVE;
				CLANG_CXX_LANGUAGE_STANDARD = "gnu++14";
				CLANG_CXX_LIBRARY = "libc++";
				CLANG_ENABLE_MODULES = YES;
				CLANG_ENABLE_OBJC_ARC = YES;
				CLANG_WARN_BLOCK_CAPTURE_AUTORELEASING = YES;
				CLANG_WARN_BOOL_CONVERSION = YES;
				CLANG_WARN_COMMA = YES;
				CLANG_WARN_CONSTANT_CONVERSION = YES;
				CLANG_WARN_DIRECT_OBJC_ISA_USAGE = YES_ERROR;
				CLANG_WARN_DOCUMENTATION_COMMENTS = YES;
				CLANG_WARN_EMPTY_BODY = YES;
				CLANG_WARN_ENUM_CONVERSION = YES;
				CLANG_WARN_INFINITE_RECURSION = YES;
				CLANG_WARN_INT_CONVERSION = YES;
				CLANG_WARN_NON_LITERAL_NULL_CONVERSION = YES;
				CLANG_WARN_OBJC_LITERAL_CONVERSION = YES;
				CLANG_WARN_OBJC_ROOT_CLASS = YES_ERROR;
				CLANG_WARN_RANGE_LOOP_ANALYSIS = YES;
				CLANG_WARN_STRICT_PROTOTYPES = YES;
				CLANG_WARN_SUSPICIOUS_MOVE = YES;
				CLANG_WARN_UNGUARDED_AVAILABILITY = YES_AGGRESSIVE;
				CLANG_WARN_UNREACHABLE_CODE = YES;
				CLANG_WARN__DUPLICATE_METHOD_MATCH = YES;
				CODE_SIGN_IDENTITY = "iPhone Developer";
				COPY_PHASE_STRIP = NO;
				DEBUG_INFORMATION_FORMAT = dwarf;
				ENABLE_STRICT_OBJC_MSGSEND = YES;
				ENABLE_TESTABILITY = YES;
				GCC_C_LANGUAGE_STANDARD = gnu11;
				GCC_DYNAMIC_NO_PIC = NO;
				GCC_NO_COMMON_BLOCKS = YES;
				GCC_OPTIMIZATION_LEVEL = 0;
				GCC_PREPROCESSOR_DEFINITIONS = (
					"DEBUG=1",
					"$(inherited)",
				);
				GCC_WARN_64_TO_32_BIT_CONVERSION = YES;
				GCC_WARN_ABOUT_RETURN_TYPE = YES_ERROR;
				GCC_WARN_UNDECLARED_SELECTOR = YES;
				GCC_WARN_UNINITIALIZED_AUTOS = YES_AGGRESSIVE;
				GCC_WARN_UNUSED_FUNCTION = YES;
				GCC_WARN_UNUSED_VARIABLE = YES;
				IPHONEOS_DEPLOYMENT_TARGET = 11.0;
				MTL_ENABLE_DEBUG_INFO = YES;
				ONLY_ACTIVE_ARCH = YES;
				SDKROOT = iphoneos;
			};
			name = Debug;
		};
		0838C7822065FE8800FDE1A7 /* Release */ = {
			isa = XCBuildConfiguration;
			buildSettings = {
				ALWAYS_SEARCH_USER_PATHS = NO;
				CLANG_ANALYZER_NONNULL = YES;
				CLANG_ANALYZER_NUMBER_OBJECT_CONVERSION = YES_AGGRESSIVE;
				CLANG_CXX_LANGUAGE_STANDARD = "gnu++14";
				CLANG_CXX_LIBRARY = "libc++";
				CLANG_ENABLE_MODULES = YES;
				CLANG_ENABLE_OBJC_ARC = YES;
				CLANG_WARN_BLOCK_CAPTURE_AUTORELEASING = YES;
				CLANG_WARN_BOOL_CONVERSION = YES;
				CLANG_WARN_COMMA = YES;
				CLANG_WARN_CONSTANT_CONVERSION = YES;
				CLANG_WARN_DIRECT_OBJC_ISA_USAGE = YES_ERROR;
				CLANG_WARN_DOCUMENTATION_COMMENTS = YES;
				CLANG_WARN_EMPTY_BODY = YES;
				CLANG_WARN_ENUM_CONVERSION = YES;
				CLANG_WARN_INFINITE_RECURSION = YES;
				CLANG_WARN_INT_CONVERSION = YES;
				CLANG_WARN_NON_LITERAL_NULL_CONVERSION = YES;
				CLANG_WARN_OBJC_LITERAL_CONVERSION = YES;
				CLANG_WARN_OBJC_ROOT_CLASS = YES_ERROR;
				CLANG_WARN_RANGE_LOOP_ANALYSIS = YES;
				CLANG_WARN_STRICT_PROTOTYPES = YES;
				CLANG_WARN_SUSPICIOUS_MOVE = YES;
				CLANG_WARN_UNGUARDED_AVAILABILITY = YES_AGGRESSIVE;
				CLANG_WARN_UNREACHABLE_CODE = YES;
				CLANG_WARN__DUPLICATE_METHOD_MATCH = YES;
				CODE_SIGN_IDENTITY = "iPhone Developer";
				COPY_PHASE_STRIP = NO;
				DEBUG_INFORMATION_FORMAT = "dwarf-with-dsym";
				ENABLE_NS_ASSERTIONS = NO;
				ENABLE_STRICT_OBJC_MSGSEND = YES;
				GCC_C_LANGUAGE_STANDARD = gnu11;
				GCC_NO_COMMON_BLOCKS = YES;
				GCC_WARN_64_TO_32_BIT_CONVERSION = YES;
				GCC_WARN_ABOUT_RETURN_TYPE = YES_ERROR;
				GCC_WARN_UNDECLARED_SELECTOR = YES;
				GCC_WARN_UNINITIALIZED_AUTOS = YES_AGGRESSIVE;
				GCC_WARN_UNUSED_FUNCTION = YES;
				GCC_WARN_UNUSED_VARIABLE = YES;
				IPHONEOS_DEPLOYMENT_TARGET = 11.0;
				MTL_ENABLE_DEBUG_INFO = NO;
				SDKROOT = iphoneos;
				VALIDATE_PRODUCT = YES;
			};
			name = Release;
		};
		0838C7842065FE8800FDE1A7 /* Debug */ = {
			isa = XCBuildConfiguration;
			buildSettings = {
				ASSETCATALOG_COMPILER_APPICON_NAME = AppIcon;
				CODE_SIGN_STYLE = Automatic;
				INFOPLIST_FILE = PUSHTEST/Info.plist;
				LD_RUNPATH_SEARCH_PATHS = "$(inherited) @executable_path/Frameworks";
				PRODUCT_BUNDLE_IDENTIFIER = redrock.PUSHTEST;
				PRODUCT_NAME = "$(TARGET_NAME)";
				TARGETED_DEVICE_FAMILY = "1,2";
			};
			name = Debug;
		};
		0838C7852065FE8800FDE1A7 /* Release */ = {
			isa = XCBuildConfiguration;
			buildSettings = {
				ASSETCATALOG_COMPILER_APPICON_NAME = AppIcon;
				CODE_SIGN_STYLE = Automatic;
				INFOPLIST_FILE = PUSHTEST/Info.plist;
				LD_RUNPATH_SEARCH_PATHS = "$(inherited) @executable_path/Frameworks";
				PRODUCT_BUNDLE_IDENTIFIER = redrock.PUSHTEST;
				PRODUCT_NAME = "$(TARGET_NAME)";
				TARGETED_DEVICE_FAMILY = "1,2";
			};
			name = Release;
		};
		0838C7872065FE8800FDE1A7 /* Debug */ = {
			isa = XCBuildConfiguration;
			buildSettings = {
				BUNDLE_LOADER = "$(TEST_HOST)";
				CODE_SIGN_STYLE = Automatic;
				INFOPLIST_FILE = PUSHTESTTests/Info.plist;
				LD_RUNPATH_SEARCH_PATHS = "$(inherited) @executable_path/Frameworks @loader_path/Frameworks";
				PRODUCT_BUNDLE_IDENTIFIER = redrock.PUSHTESTTests;
				PRODUCT_NAME = "$(TARGET_NAME)";
				TARGETED_DEVICE_FAMILY = "1,2";
				TEST_HOST = "$(BUILT_PRODUCTS_DIR)/PUSHTEST.app/PUSHTEST";
			};
			name = Debug;
		};
		0838C7882065FE8800FDE1A7 /* Release */ = {
			isa = XCBuildConfiguration;
			buildSettings = {
				BUNDLE_LOADER = "$(TEST_HOST)";
				CODE_SIGN_STYLE = Automatic;
				INFOPLIST_FILE = PUSHTESTTests/Info.plist;
				LD_RUNPATH_SEARCH_PATHS = "$(inherited) @executable_path/Frameworks @loader_path/Frameworks";
				PRODUCT_BUNDLE_IDENTIFIER = redrock.PUSHTESTTests;
				PRODUCT_NAME = "$(TARGET_NAME)";
				TARGETED_DEVICE_FAMILY = "1,2";
				TEST_HOST = "$(BUILT_PRODUCTS_DIR)/PUSHTEST.app/PUSHTEST";
			};
			name = Release;
		};
		0838C78A2065FE8800FDE1A7 /* Debug */ = {
			isa = XCBuildConfiguration;
			buildSettings = {
				CODE_SIGN_STYLE = Automatic;
				INFOPLIST_FILE = PUSHTESTUITests/Info.plist;
				LD_RUNPATH_SEARCH_PATHS = "$(inherited) @executable_path/Frameworks @loader_path/Frameworks";
				PRODUCT_BUNDLE_IDENTIFIER = redrock.PUSHTESTUITests;
				PRODUCT_NAME = "$(TARGET_NAME)";
				TARGETED_DEVICE_FAMILY = "1,2";
				TEST_TARGET_NAME = PUSHTEST;
			};
			name = Debug;
		};
		0838C78B2065FE8800FDE1A7 /* Release */ = {
			isa = XCBuildConfiguration;
			buildSettings = {
				CODE_SIGN_STYLE = Automatic;
				INFOPLIST_FILE = PUSHTESTUITests/Info.plist;
				LD_RUNPATH_SEARCH_PATHS = "$(inherited) @executable_path/Frameworks @loader_path/Frameworks";
				PRODUCT_BUNDLE_IDENTIFIER = redrock.PUSHTESTUITests;
				PRODUCT_NAME = "$(TARGET_NAME)";
				TARGETED_DEVICE_FAMILY = "1,2";
				TEST_TARGET_NAME = PUSHTEST;
			};
			name = Release;
		};
/* End XCBuildConfiguration section */

/* Begin XCConfigurationList section */
		0838C7522065FE8800FDE1A7 /* Build configuration list for PBXProject "PUSHTEST" */ = {
			isa = XCConfigurationList;
			buildConfigurations = (
				0838C7812065FE8800FDE1A7 /* Debug */,
				0838C7822065FE8800FDE1A7 /* Release */,
			);
			defaultConfigurationIsVisible = 0;
			defaultConfigurationName = Release;
		};
		0838C7832065FE8800FDE1A7 /* Build configuration list for PBXNativeTarget "PUSHTEST" */ = {
			isa = XCConfigurationList;
			buildConfigurations = (
				0838C7842065FE8800FDE1A7 /* Debug */,
				0838C7852065FE8800FDE1A7 /* Release */,
			);
			defaultConfigurationIsVisible = 0;
			defaultConfigurationName = Release;
		};
		0838C7862065FE8800FDE1A7 /* Build configuration list for PBXNativeTarget "PUSHTESTTests" */ = {
			isa = XCConfigurationList;
			buildConfigurations = (
				0838C7872065FE8800FDE1A7 /* Debug */,
				0838C7882065FE8800FDE1A7 /* Release */,
			);
			defaultConfigurationIsVisible = 0;
			defaultConfigurationName = Release;
		};
		0838C7892065FE8800FDE1A7 /* Build configuration list for PBXNativeTarget "PUSHTESTUITests" */ = {
			isa = XCConfigurationList;
			buildConfigurations = (
				0838C78A2065FE8800FDE1A7 /* Debug */,
				0838C78B2065FE8800FDE1A7 /* Release */,
			);
			defaultConfigurationIsVisible = 0;
			defaultConfigurationName = Release;
		};
/* End XCConfigurationList section */
	};
	rootObject = 0838C74F2065FE8800FDE1A7 /* Project object */;
}
